[0m[1mmodule.s3.aws_iam_instance_profile.ec2_instance_profile: Refreshing state... [id=prod-EC2_instance_profile][0m
[0m[1mmodule.vpc.aws_vpc.ProjectVPC: Refreshing state... [id=vpc-0e31b8341122555d8][0m
[0m[1mmodule.s3.aws_s3_bucket.s3_bucket: Refreshing state... [id=prod-day30-chirag][0m
[0m[1mmodule.vpc.aws_internet_gateway.Project_igw: Refreshing state... [id=igw-04cc4ecd2bb8056f3][0m
[0m[1mmodule.vpc.aws_subnet.Project_public_subnet: Refreshing state... [id=subnet-080f147ff663552e0][0m
[0m[1mmodule.vpc.aws_security_group.ec2_sg_ssh: Refreshing state... [id=sg-0012066f2bdafe037][0m
[0m[1mmodule.vpc.aws_route_table.Project_public_rt: Refreshing state... [id=rtb-0480122cedc3762b9][0m
[0m[1mmodule.vpc.aws_route_table_association.Project_public_rt_assoc: Refreshing state... [id=rtbassoc-0b1d08f627ffe4408][0m
[0m[1mmodule.s3.aws_s3_bucket_policy.s3_policy: Refreshing state... [id=prod-day30-chirag][0m

Terraform used the selected providers to generate the following execution
plan. Resource actions are indicated with the following symbols:
  [32m+[0m create[0m
[31m-[0m/[32m+[0m destroy and then create replacement[0m

Terraform will perform the following actions:

[1m  # module.ec2.aws_instance.webserver[0m will be created
[0m  [32m+[0m[0m resource "aws_instance" "webserver" {
      [32m+[0m[0m ami                                  = "ami-05134c8ef96964280"
      [32m+[0m[0m arn                                  = (known after apply)
      [32m+[0m[0m associate_public_ip_address          = true
      [32m+[0m[0m availability_zone                    = (known after apply)
      [32m+[0m[0m cpu_core_count                       = (known after apply)
      [32m+[0m[0m cpu_threads_per_core                 = (known after apply)
      [32m+[0m[0m disable_api_stop                     = (known after apply)
      [32m+[0m[0m disable_api_termination              = (known after apply)
      [32m+[0m[0m ebs_optimized                        = (known after apply)
      [32m+[0m[0m get_password_data                    = false
      [32m+[0m[0m host_id                              = (known after apply)
      [32m+[0m[0m host_resource_group_arn              = (known after apply)
      [32m+[0m[0m iam_instance_profile                 = "prod-EC2_instance_profile"
      [32m+[0m[0m id                                   = (known after apply)
      [32m+[0m[0m instance_initiated_shutdown_behavior = (known after apply)
      [32m+[0m[0m instance_lifecycle                   = (known after apply)
      [32m+[0m[0m instance_state                       = (known after apply)
      [32m+[0m[0m instance_type                        = "t2.micro"
      [32m+[0m[0m ipv6_address_count                   = (known after apply)
      [32m+[0m[0m ipv6_addresses                       = (known after apply)
      [32m+[0m[0m key_name                             = "terraform-chirag-key"
      [32m+[0m[0m monitoring                           = (known after apply)
      [32m+[0m[0m outpost_arn                          = (known after apply)
      [32m+[0m[0m password_data                        = (known after apply)
      [32m+[0m[0m placement_group                      = (known after apply)
      [32m+[0m[0m placement_partition_number           = (known after apply)
      [32m+[0m[0m primary_network_interface_id         = (known after apply)
      [32m+[0m[0m private_dns                          = (known after apply)
      [32m+[0m[0m private_ip                           = (known after apply)
      [32m+[0m[0m public_dns                           = (known after apply)
      [32m+[0m[0m public_ip                            = (known after apply)
      [32m+[0m[0m secondary_private_ips                = (known after apply)
      [32m+[0m[0m security_groups                      = (known after apply)
      [32m+[0m[0m source_dest_check                    = true
      [32m+[0m[0m spot_instance_request_id             = (known after apply)
      [32m+[0m[0m subnet_id                            = (known after apply)
      [32m+[0m[0m tags                                 = {
          [32m+[0m[0m "Name" = "prod-Webserver-chirag"
        }
      [32m+[0m[0m tags_all                             = {
          [32m+[0m[0m "Name" = "prod-Webserver-chirag"
        }
      [32m+[0m[0m tenancy                              = (known after apply)
      [32m+[0m[0m user_data                            = (known after apply)
      [32m+[0m[0m user_data_base64                     = (known after apply)
      [32m+[0m[0m user_data_replace_on_change          = false
      [32m+[0m[0m vpc_security_group_ids               = [
          [32m+[0m[0m "sg-0012066f2bdafe037",
        ]

      [32m+[0m[0m capacity_reservation_specification (known after apply)

      [32m+[0m[0m cpu_options (known after apply)

      [32m+[0m[0m ebs_block_device (known after apply)

      [32m+[0m[0m enclave_options (known after apply)

      [32m+[0m[0m ephemeral_block_device (known after apply)

      [32m+[0m[0m instance_market_options (known after apply)

      [32m+[0m[0m maintenance_options (known after apply)

      [32m+[0m[0m metadata_options (known after apply)

      [32m+[0m[0m network_interface (known after apply)

      [32m+[0m[0m private_dns_name_options (known after apply)

      [32m+[0m[0m root_block_device (known after apply)
    }

[1m  # module.vpc.aws_route_table_association.Project_public_rt_assoc[0m must be [1m[31mreplaced[0m
[0m[31m-[0m/[32m+[0m[0m resource "aws_route_table_association" "Project_public_rt_assoc" {
      [33m~[0m[0m id             = "rtbassoc-0b1d08f627ffe4408" -> (known after apply)
      [33m~[0m[0m subnet_id      = "subnet-080f147ff663552e0" [31m# forces replacement[0m[0m -> (known after apply) [31m# forces replacement[0m[0m
        [90m# (2 unchanged attributes hidden)[0m[0m
    }

[1m  # module.vpc.aws_subnet.Project_public_subnet[0m must be [1m[31mreplaced[0m
[0m[31m-[0m/[32m+[0m[0m resource "aws_subnet" "Project_public_subnet" {
      [33m~[0m[0m arn                                            = "arn:aws:ec2:us-west-2:021891610828:subnet/subnet-080f147ff663552e0" -> (known after apply)
      [33m~[0m[0m availability_zone                              = "us-west-2d" [33m->[0m[0m "us-west-2a" [31m# forces replacement[0m[0m
      [33m~[0m[0m availability_zone_id                           = "usw2-az4" -> (known after apply)
      [31m-[0m[0m enable_lni_at_device_index                     = 0 [90m-> null[0m[0m
      [33m~[0m[0m id                                             = "subnet-080f147ff663552e0" -> (known after apply)
      [32m+[0m[0m ipv6_cidr_block_association_id                 = (known after apply)
      [31m-[0m[0m map_customer_owned_ip_on_launch                = false [90m-> null[0m[0m
      [33m~[0m[0m owner_id                                       = "021891610828" -> (known after apply)
      [33m~[0m[0m private_dns_hostname_type_on_launch            = "ip-name" -> (known after apply)
      [31m-[0m[0m tags                                           = {} [90m-> null[0m[0m
      [33m~[0m[0m tags_all                                       = {} -> (known after apply)
        [90m# (11 unchanged attributes hidden)[0m[0m
    }

[1mPlan:[0m 3 to add, 0 to change, 2 to destroy.
[0m
Changes to Outputs:
  [32m+[0m[0m ec2_instance_id        = (known after apply)
  [32m+[0m[0m ec2_instance_public_ip = (known after apply)
[0m[1m
Do you want to perform these actions in workspace "prod"?[0m
  Terraform will perform the actions described above.
  Only 'yes' will be accepted to approve.

  [1mEnter a value:[0m [0m
[0m[1mmodule.vpc.aws_route_table_association.Project_public_rt_assoc: Destroying... [id=rtbassoc-0b1d08f627ffe4408][0m[0m
[0m[1mmodule.vpc.aws_route_table_association.Project_public_rt_assoc: Destruction complete after 2s[0m
[0m[1mmodule.vpc.aws_subnet.Project_public_subnet: Destroying... [id=subnet-080f147ff663552e0][0m[0m
[0m[1mmodule.vpc.aws_subnet.Project_public_subnet: Destruction complete after 1s[0m
[0m[1mmodule.vpc.aws_subnet.Project_public_subnet: Creating...[0m[0m
[0m[1mmodule.vpc.aws_subnet.Project_public_subnet: Still creating... [10s elapsed][0m[0m
[0m[1mmodule.vpc.aws_subnet.Project_public_subnet: Creation complete after 12s [id=subnet-02bc11e188f65f904][0m
[0m[1mmodule.vpc.aws_route_table_association.Project_public_rt_assoc: Creating...[0m[0m
[0m[1mmodule.ec2.aws_instance.webserver: Creating...[0m[0m
[0m[1mmodule.vpc.aws_route_table_association.Project_public_rt_assoc: Creation complete after 2s [id=rtbassoc-07c055cd872fbc935][0m
[0m[1mmodule.ec2.aws_instance.webserver: Still creating... [10s elapsed][0m[0m
[0m[1mmodule.ec2.aws_instance.webserver: Still creating... [20s elapsed][0m[0m
[0m[1mmodule.ec2.aws_instance.webserver: Still creating... [30s elapsed][0m[0m
[0m[1mmodule.ec2.aws_instance.webserver: Creation complete after 36s [id=i-00927a27b426dadad][0m
[0m[1m[32m
Apply complete! Resources: 3 added, 0 changed, 2 destroyed.
[0m[0m[1m[32m
Outputs:

[0mec2_instance_id = "i-00927a27b426dadad"
ec2_instance_public_ip = "35.94.168.53"
s3_bucket_arn = "arn:aws:s3:::prod-day30-chirag"
s3_bucket_name = "prod-day30-chirag"
