[0m[1mdata.aws_iam_policy_document.ecs_task_assume_role: Reading...[0m[0m
[0m[1maws_ecs_cluster.main: Refreshing state... [id=arn:aws:ecs:us-west-2:326151034032:cluster/my-cluster-chirag][0m
[0m[1maws_secretsmanager_secret.db_secret: Refreshing state... [id=arn:aws:secretsmanager:us-west-2:326151034032:secret:DB-day32-chirag-m7L02F][0m
[0m[1maws_vpc.my_vpc: Refreshing state... [id=vpc-0453a58d02dcc9103][0m
[0m[1mdata.aws_iam_policy_document.ecs_task_assume_role: Read complete after 0s [id=1077804475][0m
[0m[1maws_iam_role.ecs_task_role: Refreshing state... [id=ecs-task-role][0m
[0m[1maws_secretsmanager_secret_version.db_secret_version: Refreshing state... [id=arn:aws:secretsmanager:us-west-2:326151034032:secret:DB-day32-chirag-m7L02F|terraform-20240826180631538100000002][0m
[0m[1maws_ecs_task_definition.frontend: Refreshing state... [id=frontend-task][0m
[0m[1maws_subnet.private2: Refreshing state... [id=subnet-04e4a52298367e486][0m
[0m[1maws_internet_gateway.my_igw: Refreshing state... [id=igw-0fbef35875d4b7c98][0m
[0m[1maws_route_table.private_rt: Refreshing state... [id=rtb-092e3337dbdc13cc4][0m
[0m[1maws_subnet.private1: Refreshing state... [id=subnet-0593f3dbe7637cf8c][0m
[0m[1maws_subnet.public_subnet: Refreshing state... [id=subnet-026b4c35239e24845][0m
[0m[1maws_security_group.frontend: Refreshing state... [id=sg-0074cde4ed2612c71][0m
[0m[1maws_route_table.public_rt: Refreshing state... [id=rtb-071121d100ed3b282][0m
[0m[1maws_route_table_association.private_rt_assoc2: Refreshing state... [id=rtbassoc-077f9f8f4e7f69e45][0m
[0m[1maws_route_table_association.private_rt_assoc1: Refreshing state... [id=rtbassoc-0b8a9daf12222722b][0m
[0m[1maws_db_subnet_group.rds_subnet_group: Refreshing state... [id=rds_subnet_group][0m
[0m[1maws_security_group.backend: Refreshing state... [id=sg-02dc08e0c978876cb][0m
[0m[1maws_ecs_service.frontend: Refreshing state... [id=arn:aws:ecs:us-west-2:326151034032:service/my-cluster-chirag/frontend-service-chirag][0m
[0m[1maws_route_table_association.public_rt_association: Refreshing state... [id=rtbassoc-0e58d2e3a977e5947][0m
[0m[1maws_security_group.db: Refreshing state... [id=sg-0fa5f0ee40c7827cb][0m
[0m[1maws_db_instance.mysql: Refreshing state... [id=db-K2HYUJETCPWPCJQSQ74K3ANDIE][0m
[0m[1maws_appautoscaling_target.frontend_scaling_target: Refreshing state... [id=service/my-cluster-chirag/frontend-service-chirag][0m
[0m[1maws_appautoscaling_policy.frontend_scaling_policy: Refreshing state... [id=frontend-scaling-policy][0m

Terraform used the selected providers to generate the following execution
plan. Resource actions are indicated with the following symbols:
  [32m+[0m create[0m

Terraform will perform the following actions:

[1m  # aws_ecs_service.backend[0m will be created
[0m  [32m+[0m[0m resource "aws_ecs_service" "backend" {
      [32m+[0m[0m cluster                            = "arn:aws:ecs:us-west-2:326151034032:cluster/my-cluster-chirag"
      [32m+[0m[0m deployment_maximum_percent         = 200
      [32m+[0m[0m deployment_minimum_healthy_percent = 100
      [32m+[0m[0m desired_count                      = 2
      [32m+[0m[0m enable_ecs_managed_tags            = false
      [32m+[0m[0m enable_execute_command             = false
      [32m+[0m[0m iam_role                           = (known after apply)
      [32m+[0m[0m id                                 = (known after apply)
      [32m+[0m[0m launch_type                        = "FARGATE"
      [32m+[0m[0m name                               = "backend-service-chirag"
      [32m+[0m[0m platform_version                   = (known after apply)
      [32m+[0m[0m scheduling_strategy                = "REPLICA"
      [32m+[0m[0m tags                               = {
          [32m+[0m[0m "Name" = "chirag-backend-service"
        }
      [32m+[0m[0m tags_all                           = {
          [32m+[0m[0m "Name" = "chirag-backend-service"
        }
      [32m+[0m[0m task_definition                    = (known after apply)
      [32m+[0m[0m triggers                           = (known after apply)
      [32m+[0m[0m wait_for_steady_state              = false

      [32m+[0m[0m network_configuration {
          [32m+[0m[0m assign_public_ip = false
          [32m+[0m[0m security_groups  = [
              [32m+[0m[0m "sg-02dc08e0c978876cb",
            ]
          [32m+[0m[0m subnets          = [
              [32m+[0m[0m "subnet-04e4a52298367e486",
              [32m+[0m[0m "subnet-0593f3dbe7637cf8c",
            ]
        }
    }

[1m  # aws_ecs_task_definition.backend[0m will be created
[0m  [32m+[0m[0m resource "aws_ecs_task_definition" "backend" {
      [32m+[0m[0m arn                      = (known after apply)
      [32m+[0m[0m arn_without_revision     = (known after apply)
      [32m+[0m[0m container_definitions    = (sensitive value)
      [32m+[0m[0m cpu                      = "512"
      [32m+[0m[0m execution_role_arn       = "arn:aws:iam::326151034032:role/ecs-task-role"
      [32m+[0m[0m family                   = "backend-task"
      [32m+[0m[0m id                       = (known after apply)
      [32m+[0m[0m memory                   = "1024"
      [32m+[0m[0m network_mode             = "awsvpc"
      [32m+[0m[0m requires_compatibilities = [
          [32m+[0m[0m "FARGATE",
        ]
      [32m+[0m[0m revision                 = (known after apply)
      [32m+[0m[0m skip_destroy             = false
      [32m+[0m[0m tags                     = {
          [32m+[0m[0m "Name" = "chirag-backend-task-def"
        }
      [32m+[0m[0m tags_all                 = {
          [32m+[0m[0m "Name" = "chirag-backend-task-def"
        }
      [32m+[0m[0m track_latest             = false
    }

[1mPlan:[0m 2 to add, 0 to change, 0 to destroy.
[0m[0m[1m
Do you want to perform these actions?[0m
  Terraform will perform the actions described above.
  Only 'yes' will be accepted to approve.

  [1mEnter a value:[0m [0m
[0m[1maws_ecs_task_definition.backend: Creating...[0m[0m
[0m[1maws_ecs_task_definition.backend: Creation complete after 3s [id=backend-task][0m
[0m[1maws_ecs_service.backend: Creating...[0m[0m
[0m[1maws_ecs_service.backend: Creation complete after 2s [id=arn:aws:ecs:us-west-2:326151034032:service/my-cluster-chirag/backend-service-chirag][0m
[0m[1m[32m
Apply complete! Resources: 2 added, 0 changed, 0 destroyed.
[0m