
Terraform used the selected providers to generate the following execution
plan. Resource actions are indicated with the following symbols:
  [32m+[0m create[0m

Terraform will perform the following actions:

[1m  # aws_dynamodb_table.terraform_lock[0m will be created
[0m  [32m+[0m[0m resource "aws_dynamodb_table" "terraform_lock" {
      [32m+[0m[0m arn              = (known after apply)
      [32m+[0m[0m billing_mode     = "PAY_PER_REQUEST"
      [32m+[0m[0m hash_key         = "LockID"
      [32m+[0m[0m id               = (known after apply)
      [32m+[0m[0m name             = "terraform-stateLock-chirag"
      [32m+[0m[0m read_capacity    = (known after apply)
      [32m+[0m[0m stream_arn       = (known after apply)
      [32m+[0m[0m stream_label     = (known after apply)
      [32m+[0m[0m stream_view_type = (known after apply)
      [32m+[0m[0m tags             = {
          [32m+[0m[0m "Name" = "DynamoDb-chirag"
        }
      [32m+[0m[0m tags_all         = {
          [32m+[0m[0m "Name" = "DynamoDb-chirag"
        }
      [32m+[0m[0m write_capacity   = (known after apply)

      [32m+[0m[0m attribute {
          [32m+[0m[0m name = "LockID"
          [32m+[0m[0m type = "S"
        }

      [32m+[0m[0m point_in_time_recovery (known after apply)

      [32m+[0m[0m server_side_encryption (known after apply)

      [32m+[0m[0m ttl (known after apply)
    }

[1m  # aws_s3_bucket.terraform_state[0m will be created
[0m  [32m+[0m[0m resource "aws_s3_bucket" "terraform_state" {
      [32m+[0m[0m acceleration_status         = (known after apply)
      [32m+[0m[0m acl                         = (known after apply)
      [32m+[0m[0m arn                         = (known after apply)
      [32m+[0m[0m bucket                      = "terraform-state-chirag"
      [32m+[0m[0m bucket_domain_name          = (known after apply)
      [32m+[0m[0m bucket_prefix               = (known after apply)
      [32m+[0m[0m bucket_regional_domain_name = (known after apply)
      [32m+[0m[0m force_destroy               = false
      [32m+[0m[0m hosted_zone_id              = (known after apply)
      [32m+[0m[0m id                          = (known after apply)
      [32m+[0m[0m object_lock_enabled         = (known after apply)
      [32m+[0m[0m policy                      = (known after apply)
      [32m+[0m[0m region                      = (known after apply)
      [32m+[0m[0m request_payer               = (known after apply)
      [32m+[0m[0m tags                        = {
          [32m+[0m[0m "Name" = "terraform-state-chirag"
        }
      [32m+[0m[0m tags_all                    = {
          [32m+[0m[0m "Name" = "terraform-state-chirag"
        }
      [32m+[0m[0m website_domain              = (known after apply)
      [32m+[0m[0m website_endpoint            = (known after apply)

      [32m+[0m[0m cors_rule (known after apply)

      [32m+[0m[0m grant (known after apply)

      [32m+[0m[0m lifecycle_rule (known after apply)

      [32m+[0m[0m logging (known after apply)

      [32m+[0m[0m object_lock_configuration (known after apply)

      [32m+[0m[0m replication_configuration (known after apply)

      [32m+[0m[0m server_side_encryption_configuration (known after apply)

      [32m+[0m[0m versioning (known after apply)

      [32m+[0m[0m website (known after apply)
    }

[1m  # aws_s3_bucket_versioning.s3_versioning[0m will be created
[0m  [32m+[0m[0m resource "aws_s3_bucket_versioning" "s3_versioning" {
      [32m+[0m[0m bucket = (known after apply)
      [32m+[0m[0m id     = (known after apply)

      [32m+[0m[0m versioning_configuration {
          [32m+[0m[0m mfa_delete = (known after apply)
          [32m+[0m[0m status     = "Enabled"
        }
    }

[1mPlan:[0m 3 to add, 0 to change, 0 to destroy.
[0m
Changes to Outputs:
  [32m+[0m[0m dynamoDB_table_name = "terraform-stateLock-chirag"
  [32m+[0m[0m s3_bucket_name      = "terraform-state-chirag"
[0m[1m
Do you want to perform these actions?[0m
  Terraform will perform the actions described above.
  Only 'yes' will be accepted to approve.

  [1mEnter a value:[0m [0m
[0m[1maws_dynamodb_table.terraform_lock: Creating...[0m[0m
[0m[1maws_s3_bucket.terraform_state: Creating...[0m[0m
[0m[1maws_s3_bucket.terraform_state: Creation complete after 7s [id=terraform-state-chirag][0m
[0m[1maws_s3_bucket_versioning.s3_versioning: Creating...[0m[0m
[0m[1maws_dynamodb_table.terraform_lock: Still creating... [10s elapsed][0m[0m
[0m[1maws_s3_bucket_versioning.s3_versioning: Creation complete after 3s [id=terraform-state-chirag][0m
[0m[1maws_dynamodb_table.terraform_lock: Creation complete after 10s [id=terraform-stateLock-chirag][0m
[0m[1m[32m
Apply complete! Resources: 3 added, 0 changed, 0 destroyed.
[0m[0m[1m[32m
Outputs:

[0mdynamoDB_table_name = "terraform-stateLock-chirag"
s3_bucket_name = "terraform-state-chirag"
